
Microsoft Visual Studio Solution File, Format Version 12.00
# Visual Studio 15
VisualStudioVersion = 15.0.28010.2036
MinimumVisualStudioVersion = 10.0.40219.1
Project("{FAE04EC0-301F-11D3-BF4B-00C04F79EFBC}") = "SAC", "SAC\SAC.csproj", "{F6D72A5E-EA3A-46DF-9ADD-FEEB9C37D5FA}"
EndProject
Global
	GlobalSection(SolutionConfigurationPlatforms) = preSolution
		Debug|Any CPU = Debug|Any CPU
		Release|Any CPU = Release|Any CPU
	EndGlobalSection
	GlobalSection(ProjectConfigurationPlatforms) = postSolution
		{F6D72A5E-EA3A-46DF-9ADD-FEEB9C37D5FA}.Debug|Any CPU.ActiveCfg = Debug|Any CPU
		{F6D72A5E-EA3A-46DF-9ADD-FEEB9C37D5FA}.Debug|Any CPU.Build.0 = Debug|Any CPU
		{F6D72A5E-EA3A-46DF-9ADD-FEEB9C37D5FA}.Release|Any CPU.ActiveCfg = Release|Any CPU
		{F6D72A5E-EA3A-46DF-9ADD-FEEB9C37D5FA}.Release|Any CPU.Build.0 = Release|Any CPU
	EndGlobalSection
	GlobalSection(SolutionProperties) = preSolution
		HideSolutionNode = FALSE
	EndGlobalSection
	GlobalSection(ExtensibilityGlobals) = postSolution
		SolutionGuid = {14B504A5-EE49-4ED5-8D5C-1396AB53CE09}
	EndGlobalSection
EndGlobal
